<Solution>
  <Project Path="../../../../../mukul/c#- Stage 3/FleetServices_13-05-26/MaintenanceService/MaintenanceService.csproj" />
  <Project Path="../../../../../mukul/c#- Stage 3/FleetServices_13-05-26/UserService/StaffService.csproj" />
  <Project Path="../../../../../mukul/c#- Stage 3/FleetServices_13-05-26/VehicleService/VehicleService.csproj" />
</Solution>
